{
  "requires": true,
  "lockfileVersion": 1,
  "dependencies": {
    "@minui/wxc-dialog": {
      "version": "1.0.10",
      "resolved": "https://registry.nlark.com/@minui/wxc-dialog/download/@minui/wxc-dialog-1.0.10.tgz",
      "integrity": "sha1-6W9vs9YWvL1a61g0hW9hI6/jH5E=",
      "requires": {
        "@minui/wxc-popup": "1.0.11"
      }
    },
    "@minui/wxc-icon": {
      "version": "1.0.9",
      "resolved": "https://registry.nlark.com/@minui/wxc-icon/download/@minui/wxc-icon-1.0.9.tgz",
      "integrity": "sha1-aJVj0yYUapLAulR9Eox/Mio0DvE="
    },
    "@minui/wxc-mask": {
      "version": "1.0.8",
      "resolved": "https://registry.nlark.com/@minui/wxc-mask/download/@minui/wxc-mask-1.0.8.tgz",
      "integrity": "sha1-JnxagdXVmiPvgS5AIb7nPQCPtdY="
    },
    "@minui/wxc-popup": {
      "version": "1.0.11",
      "resolved": "https://registry.nlark.com/@minui/wxc-popup/download/@minui/wxc-popup-1.0.11.tgz",
      "integrity": "sha1-o1qRQrt9uXK6fWylr9UqU0SS7kk=",
      "requires": {
        "@minui/wxc-mask": "1.0.8"
      }
    },
    "@minui/wxc-toast": {
      "version": "1.0.9",
      "resolved": "https://registry.nlark.com/@minui/wxc-toast/download/@minui/wxc-toast-1.0.9.tgz",
      "integrity": "sha1-NI7mSNp01iXFH7rL8mH8nJjU5gY=",
      "requires": {
        "@minui/wxc-icon": "1.0.9"
      }
    }
  }
}
